// !$*UTF8*$!
{
	archiveVersion = 1;
	classes = {
	};
	objectVersion = 50;
	objects = {

/* Begin PBXBuildFile section */
		6C0AAC04217A1E6400DDD071 /* Episode.swift in Sources */ = {isa = PBXBuildFile; fileRef = 6C0AAC03217A1E6400DDD071 /* Episode.swift */; };
		6C0AAC07217A20A800DDD071 /* Enums.swift in Sources */ = {isa = PBXBuildFile; fileRef = 6C0AAC06217A20A800DDD071 /* Enums.swift */; };
		6C0AAC0A217E0AB900DDD071 /* DetailViewController.swift in Sources */ = {isa = PBXBuildFile; fileRef = 6C0AAC09217E0AB900DDD071 /* DetailViewController.swift */; };
		6C478DD12179333300BD32A6 /* CharacterTableViewCell.swift in Sources */ = {isa = PBXBuildFile; fileRef = 6C478DCF2179333300BD32A6 /* CharacterTableViewCell.swift */; };
		6C478DD22179333300BD32A6 /* CharacterTableViewCell.xib in Resources */ = {isa = PBXBuildFile; fileRef = 6C478DD02179333300BD32A6 /* CharacterTableViewCell.xib */; };
		6C478DD521793C1900BD32A6 /* UIImageView+RickAndMortyApp.swift in Sources */ = {isa = PBXBuildFile; fileRef = 6C478DD421793C1900BD32A6 /* UIImageView+RickAndMortyApp.swift */; };
		6CE227CE2178CB47004778E4 /* AppDelegate.swift in Sources */ = {isa = PBXBuildFile; fileRef = 6CE227CD2178CB47004778E4 /* AppDelegate.swift */; };
		6CE227D02178CB47004778E4 /* ViewController.swift in Sources */ = {isa = PBXBuildFile; fileRef = 6CE227CF2178CB47004778E4 /* ViewController.swift */; };
		6CE227D32178CB47004778E4 /* Main.storyboard in Resources */ = {isa = PBXBuildFile; fileRef = 6CE227D12178CB47004778E4 /* Main.storyboard */; };
		6CE227D62178CB47004778E4 /* RickAndMortyApp.xcdatamodeld in Sources */ = {isa = PBXBuildFile; fileRef = 6CE227D42178CB47004778E4 /* RickAndMortyApp.xcdatamodeld */; };
		6CE227D82178CB49004778E4 /* Assets.xcassets in Resources */ = {isa = PBXBuildFile; fileRef = 6CE227D72178CB49004778E4 /* Assets.xcassets */; };
		6CE227DB2178CB49004778E4 /* LaunchScreen.storyboard in Resources */ = {isa = PBXBuildFile; fileRef = 6CE227D92178CB49004778E4 /* LaunchScreen.storyboard */; };
		6CE227E32178CB5A004778E4 /* Config.swift in Sources */ = {isa = PBXBuildFile; fileRef = 6CE227E22178CB5A004778E4 /* Config.swift */; };
		6CE227E72178CBA9004778E4 /* APIManager.swift in Sources */ = {isa = PBXBuildFile; fileRef = 6CE227E62178CBA9004778E4 /* APIManager.swift */; };
		6CE227EA2178CC2A004778E4 /* Character.swift in Sources */ = {isa = PBXBuildFile; fileRef = 6CE227E92178CC2A004778E4 /* Character.swift */; };
		6CE227EC2178CCEC004778E4 /* Location.swift in Sources */ = {isa = PBXBuildFile; fileRef = 6CE227EB2178CCEC004778E4 /* Location.swift */; };
		6CE227EE2178CCFA004778E4 /* Origin.swift in Sources */ = {isa = PBXBuildFile; fileRef = 6CE227ED2178CCFA004778E4 /* Origin.swift */; };
		6CE227F02178D2DA004778E4 /* Info.swift in Sources */ = {isa = PBXBuildFile; fileRef = 6CE227EF2178D2DA004778E4 /* Info.swift */; };
		6CE227F22178D411004778E4 /* RootRequest.swift in Sources */ = {isa = PBXBuildFile; fileRef = 6CE227F12178D411004778E4 /* RootRequest.swift */; };
/* End PBXBuildFile section */

/* Begin PBXFileReference section */
		6C0AAC03217A1E6400DDD071 /* Episode.swift */ = {isa = PBXFileReference; lastKnownFileType = sourcecode.swift; path = Episode.swift; sourceTree = "<group>"; };
		6C0AAC06217A20A800DDD071 /* Enums.swift */ = {isa = PBXFileReference; lastKnownFileType = sourcecode.swift; path = Enums.swift; sourceTree = "<group>"; };
		6C0AAC09217E0AB900DDD071 /* DetailViewController.swift */ = {isa = PBXFileReference; lastKnownFileType = sourcecode.swift; path = DetailViewController.swift; sourceTree = "<group>"; };
		6C478DCF2179333300BD32A6 /* CharacterTableViewCell.swift */ = {isa = PBXFileReference; lastKnownFileType = sourcecode.swift; path = CharacterTableViewCell.swift; sourceTree = "<group>"; };
		6C478DD02179333300BD32A6 /* CharacterTableViewCell.xib */ = {isa = PBXFileReference; lastKnownFileType = file.xib; path = CharacterTableViewCell.xib; sourceTree = "<group>"; };
		6C478DD421793C1900BD32A6 /* UIImageView+RickAndMortyApp.swift */ = {isa = PBXFileReference; lastKnownFileType = sourcecode.swift; path = "UIImageView+RickAndMortyApp.swift"; sourceTree = "<group>"; };
		6CE227CA2178CB47004778E4 /* RickAndMortyApp.app */ = {isa = PBXFileReference; explicitFileType = wrapper.application; includeInIndex = 0; path = RickAndMortyApp.app; sourceTree = BUILT_PRODUCTS_DIR; };
		6CE227CD2178CB47004778E4 /* AppDelegate.swift */ = {isa = PBXFileReference; lastKnownFileType = sourcecode.swift; path = AppDelegate.swift; sourceTree = "<group>"; };
		6CE227CF2178CB47004778E4 /* ViewController.swift */ = {isa = PBXFileReference; lastKnownFileType = sourcecode.swift; path = ViewController.swift; sourceTree = "<group>"; };
		6CE227D22178CB47004778E4 /* Base */ = {isa = PBXFileReference; lastKnownFileType = file.storyboard; name = Base; path = Base.lproj/Main.storyboard; sourceTree = "<group>"; };
		6CE227D52178CB47004778E4 /* RickAndMortyApp.xcdatamodel */ = {isa = PBXFileReference; lastKnownFileType = wrapper.xcdatamodel; path = RickAndMortyApp.xcdatamodel; sourceTree = "<group>"; };
		6CE227D72178CB49004778E4 /* Assets.xcassets */ = {isa = PBXFileReference; lastKnownFileType = folder.assetcatalog; path = Assets.xcassets; sourceTree = "<group>"; };
		6CE227DA2178CB49004778E4 /* Base */ = {isa = PBXFileReference; lastKnownFileType = file.storyboard; name = Base; path = Base.lproj/LaunchScreen.storyboard; sourceTree = "<group>"; };
		6CE227DC2178CB49004778E4 /* Info.plist */ = {isa = PBXFileReference; lastKnownFileType = text.plist.xml; path = Info.plist; sourceTree = "<group>"; };
		6CE227E22178CB5A004778E4 /* Config.swift */ = {isa = PBXFileReference; lastKnownFileType = sourcecode.swift; path = Config.swift; sourceTree = "<group>"; };
		6CE227E62178CBA9004778E4 /* APIManager.swift */ = {isa = PBXFileReference; lastKnownFileType = sourcecode.swift; path = APIManager.swift; sourceTree = "<group>"; };
		6CE227E92178CC2A004778E4 /* Character.swift */ = {isa = PBXFileReference; lastKnownFileType = sourcecode.swift; path = Character.swift; sourceTree = "<group>"; };
		6CE227EB2178CCEC004778E4 /* Location.swift */ = {isa = PBXFileReference; lastKnownFileType = sourcecode.swift; path = Location.swift; sourceTree = "<group>"; };
		6CE227ED2178CCFA004778E4 /* Origin.swift */ = {isa = PBXFileReference; lastKnownFileType = sourcecode.swift; path = Origin.swift; sourceTree = "<group>"; };
		6CE227EF2178D2DA004778E4 /* Info.swift */ = {isa = PBXFileReference; lastKnownFileType = sourcecode.swift; path = Info.swift; sourceTree = "<group>"; };
		6CE227F12178D411004778E4 /* RootRequest.swift */ = {isa = PBXFileReference; lastKnownFileType = sourcecode.swift; path = RootRequest.swift; sourceTree = "<group>"; };
/* End PBXFileReference section */

/* Begin PBXFrameworksBuildPhase section */
		6CE227C72178CB47004778E4 /* Frameworks */ = {
			isa = PBXFrameworksBuildPhase;
			buildActionMask = 2147483647;
			files = (
			);
			runOnlyForDeploymentPostprocessing = 0;
		};
/* End PBXFrameworksBuildPhase section */

/* Begin PBXGroup section */
		6C0AAC05217A209E00DDD071 /* Enums */ = {
			isa = PBXGroup;
			children = (
				6C0AAC06217A20A800DDD071 /* Enums.swift */,
			);
			path = Enums;
			sourceTree = "<group>";
		};
		6C0AAC08217DEB2100DDD071 /* Controller */ = {
			isa = PBXGroup;
			children = (
				6CE227CF2178CB47004778E4 /* ViewController.swift */,
				6C0AAC09217E0AB900DDD071 /* DetailViewController.swift */,
			);
			path = Controller;
			sourceTree = "<group>";
		};
		6C478DCE2179330800BD32A6 /* Xibs */ = {
			isa = PBXGroup;
			children = (
				6C478DCF2179333300BD32A6 /* CharacterTableViewCell.swift */,
				6C478DD02179333300BD32A6 /* CharacterTableViewCell.xib */,
			);
			path = Xibs;
			sourceTree = "<group>";
		};
		6C478DD321793BF700BD32A6 /* Extensions */ = {
			isa = PBXGroup;
			children = (
				6C478DD421793C1900BD32A6 /* UIImageView+RickAndMortyApp.swift */,
			);
			path = Extensions;
			sourceTree = "<group>";
		};
		6CE227C12178CB47004778E4 = {
			isa = PBXGroup;
			children = (
				6CE227CC2178CB47004778E4 /* RickAndMortyApp */,
				6CE227CB2178CB47004778E4 /* Products */,
			);
			sourceTree = "<group>";
		};
		6CE227CB2178CB47004778E4 /* Products */ = {
			isa = PBXGroup;
			children = (
				6CE227CA2178CB47004778E4 /* RickAndMortyApp.app */,
			);
			name = Products;
			sourceTree = "<group>";
		};
		6CE227CC2178CB47004778E4 /* RickAndMortyApp */ = {
			isa = PBXGroup;
			children = (
				6C0AAC08217DEB2100DDD071 /* Controller */,
				6C0AAC05217A209E00DDD071 /* Enums */,
				6C478DD321793BF700BD32A6 /* Extensions */,
				6C478DCE2179330800BD32A6 /* Xibs */,
				6CE227E82178CC13004778E4 /* Classes */,
				6CE227E52178CB92004778E4 /* Model */,
				6CE227E42178CB5D004778E4 /* Config */,
				6CE227CD2178CB47004778E4 /* AppDelegate.swift */,
				6CE227D12178CB47004778E4 /* Main.storyboard */,
				6CE227D72178CB49004778E4 /* Assets.xcassets */,
				6CE227D92178CB49004778E4 /* LaunchScreen.storyboard */,
				6CE227DC2178CB49004778E4 /* Info.plist */,
				6CE227D42178CB47004778E4 /* RickAndMortyApp.xcdatamodeld */,
			);
			path = RickAndMortyApp;
			sourceTree = "<group>";
		};
		6CE227E42178CB5D004778E4 /* Config */ = {
			isa = PBXGroup;
			children = (
				6CE227E22178CB5A004778E4 /* Config.swift */,
			);
			path = Config;
			sourceTree = "<group>";
		};
		6CE227E52178CB92004778E4 /* Model */ = {
			isa = PBXGroup;
			children = (
				6CE227E62178CBA9004778E4 /* APIManager.swift */,
			);
			path = Model;
			sourceTree = "<group>";
		};
		6CE227E82178CC13004778E4 /* Classes */ = {
			isa = PBXGroup;
			children = (
				6CE227E92178CC2A004778E4 /* Character.swift */,
				6CE227EB2178CCEC004778E4 /* Location.swift */,
				6CE227ED2178CCFA004778E4 /* Origin.swift */,
				6CE227EF2178D2DA004778E4 /* Info.swift */,
				6CE227F12178D411004778E4 /* RootRequest.swift */,
				6C0AAC03217A1E6400DDD071 /* Episode.swift */,
			);
			path = Classes;
			sourceTree = "<group>";
		};
/* End PBXGroup section */

/* Begin PBXNativeTarget section */
		6CE227C92178CB47004778E4 /* RickAndMortyApp */ = {
			isa = PBXNativeTarget;
			buildConfigurationList = 6CE227DF2178CB49004778E4 /* Build configuration list for PBXNativeTarget "RickAndMortyApp" */;
			buildPhases = (
				6CE227C62178CB47004778E4 /* Sources */,
				6CE227C72178CB47004778E4 /* Frameworks */,
				6CE227C82178CB47004778E4 /* Resources */,
			);
			buildRules = (
			);
			dependencies = (
			);
			name = RickAndMortyApp;
			productName = RickAndMortyApp;
			productReference = 6CE227CA2178CB47004778E4 /* RickAndMortyApp.app */;
			productType = "com.apple.product-type.application";
		};
/* End PBXNativeTarget section */

/* Begin PBXProject section */
		6CE227C22178CB47004778E4 /* Project object */ = {
			isa = PBXProject;
			attributes = {
				LastSwiftUpdateCheck = 1000;
				LastUpgradeCheck = 1000;
				ORGANIZATIONNAME = "João Paulo de Oliveira Sabino";
				TargetAttributes = {
					6CE227C92178CB47004778E4 = {
						CreatedOnToolsVersion = 10.0;
					};
				};
			};
			buildConfigurationList = 6CE227C52178CB47004778E4 /* Build configuration list for PBXProject "RickAndMortyApp" */;
			compatibilityVersion = "Xcode 9.3";
			developmentRegion = en;
			hasScannedForEncodings = 0;
			knownRegions = (
				en,
				Base,
			);
			mainGroup = 6CE227C12178CB47004778E4;
			productRefGroup = 6CE227CB2178CB47004778E4 /* Products */;
			projectDirPath = "";
			projectRoot = "";
			targets = (
				6CE227C92178CB47004778E4 /* RickAndMortyApp */,
			);
		};
/* End PBXProject section */

/* Begin PBXResourcesBuildPhase section */
		6CE227C82178CB47004778E4 /* Resources */ = {
			isa = PBXResourcesBuildPhase;
			buildActionMask = 2147483647;
			files = (
				6CE227DB2178CB49004778E4 /* LaunchScreen.storyboard in Resources */,
				6CE227D82178CB49004778E4 /* Assets.xcassets in Resources */,
				6CE227D32178CB47004778E4 /* Main.storyboard in Resources */,
				6C478DD22179333300BD32A6 /* CharacterTableViewCell.xib in Resources */,
			);
			runOnlyForDeploymentPostprocessing = 0;
		};
/* End PBXResourcesBuildPhase section */

/* Begin PBXSourcesBuildPhase section */
		6CE227C62178CB47004778E4 /* Sources */ = {
			isa = PBXSourcesBuildPhase;
			buildActionMask = 2147483647;
			files = (
				6CE227F22178D411004778E4 /* RootRequest.swift in Sources */,
				6C478DD521793C1900BD32A6 /* UIImageView+RickAndMortyApp.swift in Sources */,
				6CE227D02178CB47004778E4 /* ViewController.swift in Sources */,
				6CE227E32178CB5A004778E4 /* Config.swift in Sources */,
				6C0AAC07217A20A800DDD071 /* Enums.swift in Sources */,
				6CE227E72178CBA9004778E4 /* APIManager.swift in Sources */,
				6CE227F02178D2DA004778E4 /* Info.swift in Sources */,
				6C478DD12179333300BD32A6 /* CharacterTableViewCell.swift in Sources */,
				6C0AAC04217A1E6400DDD071 /* Episode.swift in Sources */,
				6CE227EA2178CC2A004778E4 /* Character.swift in Sources */,
				6CE227D62178CB47004778E4 /* RickAndMortyApp.xcdatamodeld in Sources */,
				6CE227CE2178CB47004778E4 /* AppDelegate.swift in Sources */,
				6C0AAC0A217E0AB900DDD071 /* DetailViewController.swift in Sources */,
				6CE227EC2178CCEC004778E4 /* Location.swift in Sources */,
				6CE227EE2178CCFA004778E4 /* Origin.swift in Sources */,
			);
			runOnlyForDeploymentPostprocessing = 0;
		};
/* End PBXSourcesBuildPhase section */

/* Begin PBXVariantGroup section */
		6CE227D12178CB47004778E4 /* Main.storyboard */ = {
			isa = PBXVariantGroup;
			children = (
				6CE227D22178CB47004778E4 /* Base */,
			);
			name = Main.storyboard;
			sourceTree = "<group>";
		};
		6CE227D92178CB49004778E4 /* LaunchScreen.storyboard */ = {
			isa = PBXVariantGroup;
			children = (
				6CE227DA2178CB49004778E4 /* Base */,
			);
			name = LaunchScreen.storyboard;
			sourceTree = "<group>";
		};
/* End PBXVariantGroup section */

/* Begin XCBuildConfiguration section */
		6CE227DD2178CB49004778E4 /* Debug */ = {
			isa = XCBuildConfiguration;
			buildSettings = {
				ALWAYS_SEARCH_USER_PATHS = NO;
				CLANG_ANALYZER_NONNULL = YES;
				CLANG_ANALYZER_NUMBER_OBJECT_CONVERSION = YES_AGGRESSIVE;
				CLANG_CXX_LANGUAGE_STANDARD = "gnu++14";
				CLANG_CXX_LIBRARY = "libc++";
				CLANG_ENABLE_MODULES = YES;
				CLANG_ENABLE_OBJC_ARC = YES;
				CLANG_ENABLE_OBJC_WEAK = YES;
				CLANG_WARN_BLOCK_CAPTURE_AUTORELEASING = YES;
				CLANG_WARN_BOOL_CONVERSION = YES;
				CLANG_WARN_COMMA = YES;
				CLANG_WARN_CONSTANT_CONVERSION = YES;
				CLANG_WARN_DEPRECATED_OBJC_IMPLEMENTATIONS = YES;
				CLANG_WARN_DIRECT_OBJC_ISA_USAGE = YES_ERROR;
				CLANG_WARN_DOCUMENTATION_COMMENTS = YES;
				CLANG_WARN_EMPTY_BODY = YES;
				CLANG_WARN_ENUM_CONVERSION = YES;
				CLANG_WARN_INFINITE_RECURSION = YES;
				CLANG_WARN_INT_CONVERSION = YES;
				CLANG_WARN_NON_LITERAL_NULL_CONVERSION = YES;
				CLANG_WARN_OBJC_IMPLICIT_RETAIN_SELF = YES;
				CLANG_WARN_OBJC_LITERAL_CONVERSION = YES;
				CLANG_WARN_OBJC_ROOT_CLASS = YES_ERROR;
				CLANG_WARN_RANGE_LOOP_ANALYSIS = YES;
				CLANG_WARN_STRICT_PROTOTYPES = YES;
				CLANG_WARN_SUSPICIOUS_MOVE = YES;
				CLANG_WARN_UNGUARDED_AVAILABILITY = YES_AGGRESSIVE;
				CLANG_WARN_UNREACHABLE_CODE = YES;
				CLANG_WARN__DUPLICATE_METHOD_MATCH = YES;
				CODE_SIGN_IDENTITY = "iPhone Developer";
				COPY_PHASE_STRIP = NO;
				DEBUG_INFORMATION_FORMAT = dwarf;
				ENABLE_STRICT_OBJC_MSGSEND = YES;
				ENABLE_TESTABILITY = YES;
				GCC_C_LANGUAGE_STANDARD = gnu11;
				GCC_DYNAMIC_NO_PIC = NO;
				GCC_NO_COMMON_BLOCKS = YES;
				GCC_OPTIMIZATION_LEVEL = 0;
				GCC_PREPROCESSOR_DEFINITIONS = (
					"DEBUG=1",
					"$(inherited)",
				);
				GCC_WARN_64_TO_32_BIT_CONVERSION = YES;
				GCC_WARN_ABOUT_RETURN_TYPE = YES_ERROR;
				GCC_WARN_UNDECLARED_SELECTOR = YES;
				GCC_WARN_UNINITIALIZED_AUTOS = YES_AGGRESSIVE;
				GCC_WARN_UNUSED_FUNCTION = YES;
				GCC_WARN_UNUSED_VARIABLE = YES;
				IPHONEOS_DEPLOYMENT_TARGET = 11.4;
				MTL_ENABLE_DEBUG_INFO = INCLUDE_SOURCE;
				MTL_FAST_MATH = YES;
				ONLY_ACTIVE_ARCH = YES;
				SDKROOT = iphoneos;
				SWIFT_ACTIVE_COMPILATION_CONDITIONS = DEBUG;
				SWIFT_OPTIMIZATION_LEVEL = "-Onone";
			};
			name = Debug;
		};
		6CE227DE2178CB49004778E4 /* Release */ = {
			isa = XCBuildConfiguration;
			buildSettings = {
				ALWAYS_SEARCH_USER_PATHS = NO;
				CLANG_ANALYZER_NONNULL = YES;
				CLANG_ANALYZER_NUMBER_OBJECT_CONVERSION = YES_AGGRESSIVE;
				CLANG_CXX_LANGUAGE_STANDARD = "gnu++14";
				CLANG_CXX_LIBRARY = "libc++";
				CLANG_ENABLE_MODULES = YES;
				CLANG_ENABLE_OBJC_ARC = YES;
				CLANG_ENABLE_OBJC_WEAK = YES;
				CLANG_WARN_BLOCK_CAPTURE_AUTORELEASING = YES;
				CLANG_WARN_BOOL_CONVERSION = YES;
				CLANG_WARN_COMMA = YES;
				CLANG_WARN_CONSTANT_CONVERSION = YES;
				CLANG_WARN_DEPRECATED_OBJC_IMPLEMENTATIONS = YES;
				CLANG_WARN_DIRECT_OBJC_ISA_USAGE = YES_ERROR;
				CLANG_WARN_DOCUMENTATION_COMMENTS = YES;
				CLANG_WARN_EMPTY_BODY = YES;
				CLANG_WARN_ENUM_CONVERSION = YES;
				CLANG_WARN_INFINITE_RECURSION = YES;
				CLANG_WARN_INT_CONVERSION = YES;
				CLANG_WARN_NON_LITERAL_NULL_CONVERSION = YES;
				CLANG_WARN_OBJC_IMPLICIT_RETAIN_SELF = YES;
				CLANG_WARN_OBJC_LITERAL_CONVERSION = YES;
				CLANG_WARN_OBJC_ROOT_CLASS = YES_ERROR;
				CLANG_WARN_RANGE_LOOP_ANALYSIS = YES;
				CLANG_WARN_STRICT_PROTOTYPES = YES;
				CLANG_WARN_SUSPICIOUS_MOVE = YES;
				CLANG_WARN_UNGUARDED_AVAILABILITY = YES_AGGRESSIVE;
				CLANG_WARN_UNREACHABLE_CODE = YES;
				CLANG_WARN__DUPLICATE_METHOD_MATCH = YES;
				CODE_SIGN_IDENTITY = "iPhone Developer";
				COPY_PHASE_STRIP = NO;
				DEBUG_INFORMATION_FORMAT = "dwarf-with-dsym";
				ENABLE_NS_ASSERTIONS = NO;
				ENABLE_STRICT_OBJC_MSGSEND = YES;
				GCC_C_LANGUAGE_STANDARD = gnu11;
				GCC_NO_COMMON_BLOCKS = YES;
				GCC_WARN_64_TO_32_BIT_CONVERSION = YES;
				GCC_WARN_ABOUT_RETURN_TYPE = YES_ERROR;
				GCC_WARN_UNDECLARED_SELECTOR = YES;
				GCC_WARN_UNINITIALIZED_AUTOS = YES_AGGRESSIVE;
				GCC_WARN_UNUSED_FUNCTION = YES;
				GCC_WARN_UNUSED_VARIABLE = YES;
				IPHONEOS_DEPLOYMENT_TARGET = 11.4;
				MTL_ENABLE_DEBUG_INFO = NO;
				MTL_FAST_MATH = YES;
				SDKROOT = iphoneos;
				SWIFT_COMPILATION_MODE = wholemodule;
				SWIFT_OPTIMIZATION_LEVEL = "-O";
				VALIDATE_PRODUCT = YES;
			};
			name = Release;
		};
		6CE227E02178CB49004778E4 /* Debug */ = {
			isa = XCBuildConfiguration;
			buildSettings = {
				ASSETCATALOG_COMPILER_APPICON_NAME = AppIcon;
				CODE_SIGN_STYLE = Automatic;
				DEVELOPMENT_TEAM = V9TV25TFN7;
				INFOPLIST_FILE = RickAndMortyApp/Info.plist;
				IPHONEOS_DEPLOYMENT_TARGET = 12.0;
				LD_RUNPATH_SEARCH_PATHS = (
					"$(inherited)",
					"@executable_path/Frameworks",
				);
				PRODUCT_BUNDLE_IDENTIFIER = com.JP.RickAndMortyApp;
				PRODUCT_NAME = "$(TARGET_NAME)";
				SWIFT_VERSION = 4.2;
				TARGETED_DEVICE_FAMILY = "1,2";
			};
			name = Debug;
		};
		6CE227E12178CB49004778E4 /* Release */ = {
			isa = XCBuildConfiguration;
			buildSettings = {
				ASSETCATALOG_COMPILER_APPICON_NAME = AppIcon;
				CODE_SIGN_STYLE = Automatic;
				DEVELOPMENT_TEAM = V9TV25TFN7;
				INFOPLIST_FILE = RickAndMortyApp/Info.plist;
				IPHONEOS_DEPLOYMENT_TARGET = 12.0;
				LD_RUNPATH_SEARCH_PATHS = (
					"$(inherited)",
					"@executable_path/Frameworks",
				);
				PRODUCT_BUNDLE_IDENTIFIER = com.JP.RickAndMortyApp;
				PRODUCT_NAME = "$(TARGET_NAME)";
				SWIFT_VERSION = 4.2;
				TARGETED_DEVICE_FAMILY = "1,2";
			};
			name = Release;
		};
/* End XCBuildConfiguration section */

/* Begin XCConfigurationList section */
		6CE227C52178CB47004778E4 /* Build configuration list for PBXProject "RickAndMortyApp" */ = {
			isa = XCConfigurationList;
			buildConfigurations = (
				6CE227DD2178CB49004778E4 /* Debug */,
				6CE227DE2178CB49004778E4 /* Release */,
			);
			defaultConfigurationIsVisible = 0;
			defaultConfigurationName = Release;
		};
		6CE227DF2178CB49004778E4 /* Build configuration list for PBXNativeTarget "RickAndMortyApp" */ = {
			isa = XCConfigurationList;
			buildConfigurations = (
				6CE227E02178CB49004778E4 /* Debug */,
				6CE227E12178CB49004778E4 /* Release */,
			);
			defaultConfigurationIsVisible = 0;
			defaultConfigurationName = Release;
		};
/* End XCConfigurationList section */

/* Begin XCVersionGroup section */
		6CE227D42178CB47004778E4 /* RickAndMortyApp.xcdatamodeld */ = {
			isa = XCVersionGroup;
			children = (
				6CE227D52178CB47004778E4 /* RickAndMortyApp.xcdatamodel */,
			);
			currentVersion = 6CE227D52178CB47004778E4 /* RickAndMortyApp.xcdatamodel */;
			path = RickAndMortyApp.xcdatamodeld;
			sourceTree = "<group>";
			versionGroupType = wrapper.xcdatamodel;
		};
/* End XCVersionGroup section */
	};
	rootObject = 6CE227C22178CB47004778E4 /* Project object */;
}
